
Microsoft Visual Studio Solution File, Format Version 12.00
# Visual Studio Version 17
VisualStudioVersion = 17.0.31903.59
MinimumVisualStudioVersion = 10.0.40219.1
Project("{2150E333-8FDC-42A3-9474-1A3956D46DE8}") = "src", "src", "{7F60FA98-ACE8-4D8C-AEC4-78F393968A60}"
EndProject
Project("{FAE04EC0-301F-11D3-BF4B-00C04F79EFBC}") = "MLBooks.Api", "src\MLBooks.Api\MLBooks.Api.csproj", "{AAF4798A-5571-4A7E-A6F9-8EF9B3716620}"
EndProject
Project("{FAE04EC0-301F-11D3-BF4B-00C04F79EFBC}") = "MLBooks.Application", "src\MLBooks.Application\MLBooks.Application.csproj", "{C4BE188A-04F5-480A-8A9B-498B1BBBAC52}"
EndProject
Project("{FAE04EC0-301F-11D3-BF4B-00C04F79EFBC}") = "MLBooks.Infrastructure", "src\MLBooks.Infrastructure\MLBooks.Infrastructure.csproj", "{7C82703C-6210-4569-911B-96583EE0C82F}"
EndProject
Global
	GlobalSection(SolutionConfigurationPlatforms) = preSolution
		Debug|Any CPU = Debug|Any CPU
		Release|Any CPU = Release|Any CPU
	EndGlobalSection
	GlobalSection(SolutionProperties) = preSolution
		HideSolutionNode = FALSE
	EndGlobalSection
	GlobalSection(ProjectConfigurationPlatforms) = postSolution
		{AAF4798A-5571-4A7E-A6F9-8EF9B3716620}.Debug|Any CPU.ActiveCfg = Debug|Any CPU
		{AAF4798A-5571-4A7E-A6F9-8EF9B3716620}.Debug|Any CPU.Build.0 = Debug|Any CPU
		{AAF4798A-5571-4A7E-A6F9-8EF9B3716620}.Release|Any CPU.ActiveCfg = Release|Any CPU
		{AAF4798A-5571-4A7E-A6F9-8EF9B3716620}.Release|Any CPU.Build.0 = Release|Any CPU
		{C4BE188A-04F5-480A-8A9B-498B1BBBAC52}.Debug|Any CPU.ActiveCfg = Debug|Any CPU
		{C4BE188A-04F5-480A-8A9B-498B1BBBAC52}.Debug|Any CPU.Build.0 = Debug|Any CPU
		{C4BE188A-04F5-480A-8A9B-498B1BBBAC52}.Release|Any CPU.ActiveCfg = Release|Any CPU
		{C4BE188A-04F5-480A-8A9B-498B1BBBAC52}.Release|Any CPU.Build.0 = Release|Any CPU
		{7C82703C-6210-4569-911B-96583EE0C82F}.Debug|Any CPU.ActiveCfg = Debug|Any CPU
		{7C82703C-6210-4569-911B-96583EE0C82F}.Debug|Any CPU.Build.0 = Debug|Any CPU
		{7C82703C-6210-4569-911B-96583EE0C82F}.Release|Any CPU.ActiveCfg = Release|Any CPU
		{7C82703C-6210-4569-911B-96583EE0C82F}.Release|Any CPU.Build.0 = Release|Any CPU
	EndGlobalSection
	GlobalSection(NestedProjects) = preSolution
		{AAF4798A-5571-4A7E-A6F9-8EF9B3716620} = {7F60FA98-ACE8-4D8C-AEC4-78F393968A60}
		{C4BE188A-04F5-480A-8A9B-498B1BBBAC52} = {7F60FA98-ACE8-4D8C-AEC4-78F393968A60}
		{7C82703C-6210-4569-911B-96583EE0C82F} = {7F60FA98-ACE8-4D8C-AEC4-78F393968A60}
	EndGlobalSection
EndGlobal
